
Microsoft Visual Studio Solution File, Format Version 12.00
# Visual Studio Version 17
VisualStudioVersion = 17.3.32819.101
MinimumVisualStudioVersion = 10.0.40219.1
Project("{2150E333-8FDC-42A3-9474-1A3956D46DE8}") = "modulo", "modulo", "{1181CBFD-6613-460C-BAE0-6A7EE8854326}"
EndProject
Project("{FAE04EC0-301F-11D3-BF4B-00C04F79EFBC}") = "WindowsForms", "Modulo\WindowsForms\WindowsForms.csproj", "{A0362B81-2463-47EF-9BE9-F06AFE8384BE}"
EndProject
Global
	GlobalSection(SolutionConfigurationPlatforms) = preSolution
		Debug|Any CPU = Debug|Any CPU
		Release|Any CPU = Release|Any CPU
	EndGlobalSection
	GlobalSection(ProjectConfigurationPlatforms) = postSolution
		{A0362B81-2463-47EF-9BE9-F06AFE8384BE}.Debug|Any CPU.ActiveCfg = Debug|Any CPU
		{A0362B81-2463-47EF-9BE9-F06AFE8384BE}.Debug|Any CPU.Build.0 = Debug|Any CPU
		{A0362B81-2463-47EF-9BE9-F06AFE8384BE}.Release|Any CPU.ActiveCfg = Release|Any CPU
		{A0362B81-2463-47EF-9BE9-F06AFE8384BE}.Release|Any CPU.Build.0 = Release|Any CPU
	EndGlobalSection
	GlobalSection(SolutionProperties) = preSolution
		HideSolutionNode = FALSE
	EndGlobalSection
	GlobalSection(NestedProjects) = preSolution
		{A0362B81-2463-47EF-9BE9-F06AFE8384BE} = {1181CBFD-6613-460C-BAE0-6A7EE8854326}
	EndGlobalSection
	GlobalSection(ExtensibilityGlobals) = postSolution
		SolutionGuid = {48A32EAC-54E9-46E4-A5E2-1EC2406FFAE3}
	EndGlobalSection
EndGlobal
